
Microsoft Visual Studio Solution File, Format Version 12.00
# Visual Studio Version 16
VisualStudioVersion = 16.0.809.3
MinimumVisualStudioVersion = 10.0.40219.1
Project("{FAE04EC0-301F-11D3-BF4B-00C04F79EFBC}") = "App", "App\App.csproj", "{D34BAD70-6CBF-4933-A216-CDCEAD8BA258}"
EndProject
Project("{FAE04EC0-301F-11D3-BF4B-00C04F79EFBC}") = "Tests", "Tests\Tests.csproj", "{C0DD1BD1-3FDB-4A9A-9CD8-5997D2CBF388}"
EndProject
Global
	GlobalSection(SolutionConfigurationPlatforms) = preSolution
		Debug|Any CPU = Debug|Any CPU
		Release|Any CPU = Release|Any CPU
	EndGlobalSection
	GlobalSection(ProjectConfigurationPlatforms) = postSolution
		{D34BAD70-6CBF-4933-A216-CDCEAD8BA258}.Debug|Any CPU.ActiveCfg = Debug|Any CPU
		{D34BAD70-6CBF-4933-A216-CDCEAD8BA258}.Debug|Any CPU.Build.0 = Debug|Any CPU
		{D34BAD70-6CBF-4933-A216-CDCEAD8BA258}.Release|Any CPU.ActiveCfg = Release|Any CPU
		{D34BAD70-6CBF-4933-A216-CDCEAD8BA258}.Release|Any CPU.Build.0 = Release|Any CPU
		{A6F8B228-E5FC-44FE-A049-28590CEE507B}.Debug|Any CPU.ActiveCfg = Debug|Any CPU
		{A6F8B228-E5FC-44FE-A049-28590CEE507B}.Debug|Any CPU.Build.0 = Debug|Any CPU
		{A6F8B228-E5FC-44FE-A049-28590CEE507B}.Release|Any CPU.ActiveCfg = Release|Any CPU
		{A6F8B228-E5FC-44FE-A049-28590CEE507B}.Release|Any CPU.Build.0 = Release|Any CPU
		{362FE9D8-7F3C-4D07-B350-FC43B6F60085}.Debug|Any CPU.ActiveCfg = Debug|Any CPU
		{362FE9D8-7F3C-4D07-B350-FC43B6F60085}.Debug|Any CPU.Build.0 = Debug|Any CPU
		{362FE9D8-7F3C-4D07-B350-FC43B6F60085}.Release|Any CPU.ActiveCfg = Release|Any CPU
		{362FE9D8-7F3C-4D07-B350-FC43B6F60085}.Release|Any CPU.Build.0 = Release|Any CPU
		{C0DD1BD1-3FDB-4A9A-9CD8-5997D2CBF388}.Debug|Any CPU.ActiveCfg = Debug|Any CPU
		{C0DD1BD1-3FDB-4A9A-9CD8-5997D2CBF388}.Debug|Any CPU.Build.0 = Debug|Any CPU
		{C0DD1BD1-3FDB-4A9A-9CD8-5997D2CBF388}.Release|Any CPU.ActiveCfg = Release|Any CPU
		{C0DD1BD1-3FDB-4A9A-9CD8-5997D2CBF388}.Release|Any CPU.Build.0 = Release|Any CPU
	EndGlobalSection
	GlobalSection(SolutionProperties) = preSolution
		HideSolutionNode = FALSE
	EndGlobalSection
	GlobalSection(ExtensibilityGlobals) = postSolution
		SolutionGuid = {A5F1EB8A-71A2-4449-AC1B-DA5198815C07}
	EndGlobalSection
EndGlobal
